// !$*UTF8*$!
{
	archiveVersion = 1;
	classes = {
	};
	objectVersion = 56;
	objects = {

/* Begin PBXBuildFile section */
		0127D3B32BB192F1004C5233 /* AppDelegate.swift in Sources */ = {isa = PBXBuildFile; fileRef = 0127D3B22BB192F1004C5233 /* AppDelegate.swift */; };
		0127D3B52BB192F1004C5233 /* SceneDelegate.swift in Sources */ = {isa = PBXBuildFile; fileRef = 0127D3B42BB192F1004C5233 /* SceneDelegate.swift */; };
		0127D3BF2BB192F2004C5233 /* Assets.xcassets in Resources */ = {isa = PBXBuildFile; fileRef = 0127D3BE2BB192F2004C5233 /* Assets.xcassets */; };
		0127D3CD2BB194BC004C5233 /* UIColor+HEX.swift in Sources */ = {isa = PBXBuildFile; fileRef = 0127D3CC2BB194BC004C5233 /* UIColor+HEX.swift */; };
		0127D3CF2BB194D5004C5233 /* UIView+Pin.swift in Sources */ = {isa = PBXBuildFile; fileRef = 0127D3CE2BB194D5004C5233 /* UIView+Pin.swift */; };
		012F96062BB19AE60012B8EE /* TimeManager.xcdatamodeld in Sources */ = {isa = PBXBuildFile; fileRef = 012F96042BB19AE60012B8EE /* TimeManager.xcdatamodeld */; };
		012F96112BB19C090012B8EE /* SpecificTask+CoreDataClass.swift in Sources */ = {isa = PBXBuildFile; fileRef = 012F96092BB19C090012B8EE /* SpecificTask+CoreDataClass.swift */; };
		012F96122BB19C090012B8EE /* SpecificTask+CoreDataProperties.swift in Sources */ = {isa = PBXBuildFile; fileRef = 012F960A2BB19C090012B8EE /* SpecificTask+CoreDataProperties.swift */; };
		012F96132BB19C090012B8EE /* Tag+CoreDataClass.swift in Sources */ = {isa = PBXBuildFile; fileRef = 012F960B2BB19C090012B8EE /* Tag+CoreDataClass.swift */; };
		012F96142BB19C090012B8EE /* Tag+CoreDataProperties.swift in Sources */ = {isa = PBXBuildFile; fileRef = 012F960C2BB19C090012B8EE /* Tag+CoreDataProperties.swift */; };
		012F96152BB19C090012B8EE /* Task+CoreDataClass.swift in Sources */ = {isa = PBXBuildFile; fileRef = 012F960D2BB19C090012B8EE /* Task+CoreDataClass.swift */; };
		012F96162BB19C090012B8EE /* Task+CoreDataProperties.swift in Sources */ = {isa = PBXBuildFile; fileRef = 012F960E2BB19C090012B8EE /* Task+CoreDataProperties.swift */; };
		012F96182BB19C680012B8EE /* SpecificTaskRepository.swift in Sources */ = {isa = PBXBuildFile; fileRef = 012F96172BB19C680012B8EE /* SpecificTaskRepository.swift */; };
		012F961A2BB19C950012B8EE /* GeneralTaskRepository.swift in Sources */ = {isa = PBXBuildFile; fileRef = 012F96192BB19C950012B8EE /* GeneralTaskRepository.swift */; };
		012F961C2BB19CAC0012B8EE /* TagRepository.swift in Sources */ = {isa = PBXBuildFile; fileRef = 012F961B2BB19CAC0012B8EE /* TagRepository.swift */; };
		012F961E2BB19CB90012B8EE /* CoreDataSpecificTaskRepository.swift in Sources */ = {isa = PBXBuildFile; fileRef = 012F961D2BB19CB90012B8EE /* CoreDataSpecificTaskRepository.swift */; };
		012F96202BB19CE20012B8EE /* CoreDataGeneralTaskRepository.swift in Sources */ = {isa = PBXBuildFile; fileRef = 012F961F2BB19CE20012B8EE /* CoreDataGeneralTaskRepository.swift */; };
		012F96222BB19CF40012B8EE /* CoreDataTagRepository.swift in Sources */ = {isa = PBXBuildFile; fileRef = 012F96212BB19CF40012B8EE /* CoreDataTagRepository.swift */; };
		012F96242BB19D850012B8EE /* SpecificTaskListPresenter.swift in Sources */ = {isa = PBXBuildFile; fileRef = 012F96232BB19D850012B8EE /* SpecificTaskListPresenter.swift */; };
		012F96272BB19DDD0012B8EE /* SpecificTaskDto.swift in Sources */ = {isa = PBXBuildFile; fileRef = 012F96262BB19DDD0012B8EE /* SpecificTaskDto.swift */; };
		012F96292BB19E850012B8EE /* SpecificTaskListViewController.swift in Sources */ = {isa = PBXBuildFile; fileRef = 012F96282BB19E850012B8EE /* SpecificTaskListViewController.swift */; };
		012F962B2BB19EC90012B8EE /* AddSpecificTaskPresenter.swift in Sources */ = {isa = PBXBuildFile; fileRef = 012F962A2BB19EC90012B8EE /* AddSpecificTaskPresenter.swift */; };
		012F962D2BB19EE30012B8EE /* AddSpecificTaskViewController.swift in Sources */ = {isa = PBXBuildFile; fileRef = 012F962C2BB19EE30012B8EE /* AddSpecificTaskViewController.swift */; };
		012F962F2BB19F190012B8EE /* WeekdayTableViewCell.swift in Sources */ = {isa = PBXBuildFile; fileRef = 012F962E2BB19F190012B8EE /* WeekdayTableViewCell.swift */; };
		012F96312BB19F2E0012B8EE /* WeekCollectionViewCell.swift in Sources */ = {isa = PBXBuildFile; fileRef = 012F96302BB19F2E0012B8EE /* WeekCollectionViewCell.swift */; };
		012F96332BB19F410012B8EE /* SpecificTaskCollectionViewCell.swift in Sources */ = {isa = PBXBuildFile; fileRef = 012F96322BB19F410012B8EE /* SpecificTaskCollectionViewCell.swift */; };
		012F96352BB19F740012B8EE /* MainTabBarViewController.swift in Sources */ = {isa = PBXBuildFile; fileRef = 012F96342BB19F740012B8EE /* MainTabBarViewController.swift */; };
		012F96372BB1AE080012B8EE /* SpecificTaskDescriptionViewController.swift in Sources */ = {isa = PBXBuildFile; fileRef = 012F96362BB1AE080012B8EE /* SpecificTaskDescriptionViewController.swift */; };
		012FF32A2BB7A63000B8773F /* GeneralTaskDescriptionViewController.swift in Sources */ = {isa = PBXBuildFile; fileRef = 012FF3292BB7A63000B8773F /* GeneralTaskDescriptionViewController.swift */; };
		012FF32C2BB7B33C00B8773F /* GeneralTaskDescriptionPresenter.swift in Sources */ = {isa = PBXBuildFile; fileRef = 012FF32B2BB7B33C00B8773F /* GeneralTaskDescriptionPresenter.swift */; };
		012FF3302BB7EDED00B8773F /* TagFilterViewController.swift in Sources */ = {isa = PBXBuildFile; fileRef = 012FF32F2BB7EDED00B8773F /* TagFilterViewController.swift */; };
		012FF3322BB7EFC500B8773F /* TagFilterPresenter.swift in Sources */ = {isa = PBXBuildFile; fileRef = 012FF3312BB7EFC500B8773F /* TagFilterPresenter.swift */; };
		012FF3342BB8832500B8773F /* SettingsViewController.swift in Sources */ = {isa = PBXBuildFile; fileRef = 012FF3332BB8832500B8773F /* SettingsViewController.swift */; };
		012FF3362BB88C1D00B8773F /* TagSettingsViewController.swift in Sources */ = {isa = PBXBuildFile; fileRef = 012FF3352BB88C1D00B8773F /* TagSettingsViewController.swift */; };
		012FF3382BB8902A00B8773F /* TagSettingsPresenter.swift in Sources */ = {isa = PBXBuildFile; fileRef = 012FF3372BB8902A00B8773F /* TagSettingsPresenter.swift */; };
		01B18ABC2BB2D8350019F040 /* TagView.swift in Sources */ = {isa = PBXBuildFile; fileRef = 01B18ABB2BB2D8350019F040 /* TagView.swift */; };
		01B18ABF2BB2E9D40019F040 /* CalendarManager.swift in Sources */ = {isa = PBXBuildFile; fileRef = 01B18ABE2BB2E9D40019F040 /* CalendarManager.swift */; };
		01B18AC12BB2E9EF0019F040 /* CalendarEventModel.swift in Sources */ = {isa = PBXBuildFile; fileRef = 01B18AC02BB2E9EF0019F040 /* CalendarEventModel.swift */; };
		01B18AC32BB2EA160019F040 /* CalendarManaging.swift in Sources */ = {isa = PBXBuildFile; fileRef = 01B18AC22BB2EA160019F040 /* CalendarManaging.swift */; };
		01B18AC52BB2ED900019F040 /* ReminderEventModel.swift in Sources */ = {isa = PBXBuildFile; fileRef = 01B18AC42BB2ED900019F040 /* ReminderEventModel.swift */; };
		01B18AC72BB2EDB30019F040 /* ReminderManaging.swift in Sources */ = {isa = PBXBuildFile; fileRef = 01B18AC62BB2EDB30019F040 /* ReminderManaging.swift */; };
		01B18AC92BB2EDD10019F040 /* ReminderManager.swift in Sources */ = {isa = PBXBuildFile; fileRef = 01B18AC82BB2EDD10019F040 /* ReminderManager.swift */; };
		01B18ACB2BB31FC20019F040 /* TagCollectionViewCell.swift in Sources */ = {isa = PBXBuildFile; fileRef = 01B18ACA2BB31FC20019F040 /* TagCollectionViewCell.swift */; };
		01B18ACD2BB326390019F040 /* TagDto.swift in Sources */ = {isa = PBXBuildFile; fileRef = 01B18ACC2BB326390019F040 /* TagDto.swift */; };
		01B18AD32BB3C3940019F040 /* AddTagPresenter.swift in Sources */ = {isa = PBXBuildFile; fileRef = 01B18AD22BB3C3940019F040 /* AddTagPresenter.swift */; };
		01B18AD52BB3C7980019F040 /* AddTagViewController.swift in Sources */ = {isa = PBXBuildFile; fileRef = 01B18AD42BB3C7980019F040 /* AddTagViewController.swift */; };
		01B18AD72BB3D0E90019F040 /* PopUpPresentationController.swift in Sources */ = {isa = PBXBuildFile; fileRef = 01B18AD62BB3D0E90019F040 /* PopUpPresentationController.swift */; };
		01B18AD92BB4747E0019F040 /* DatePickerViewController.swift in Sources */ = {isa = PBXBuildFile; fileRef = 01B18AD82BB4747E0019F040 /* DatePickerViewController.swift */; };
		01B18ADB2BB511B20019F040 /* GeneralTaskListViewController.swift in Sources */ = {isa = PBXBuildFile; fileRef = 01B18ADA2BB511B20019F040 /* GeneralTaskListViewController.swift */; };
		01B18ADD2BB516210019F040 /* GeneralTaskTableViewCell.swift in Sources */ = {isa = PBXBuildFile; fileRef = 01B18ADC2BB516210019F040 /* GeneralTaskTableViewCell.swift */; };
		01B18ADF2BB5283C0019F040 /* GeneralTaskDto.swift in Sources */ = {isa = PBXBuildFile; fileRef = 01B18ADE2BB5283C0019F040 /* GeneralTaskDto.swift */; };
		01B18AE12BB541790019F040 /* GeneralTabelViewHeader.swift in Sources */ = {isa = PBXBuildFile; fileRef = 01B18AE02BB541790019F040 /* GeneralTabelViewHeader.swift */; };
		01B18AE32BB553130019F040 /* GeneralTaskListPresenter.swift in Sources */ = {isa = PBXBuildFile; fileRef = 01B18AE22BB553130019F040 /* GeneralTaskListPresenter.swift */; };
		01B18AE52BB553560019F040 /* AddGeneralTaskViewController.swift in Sources */ = {isa = PBXBuildFile; fileRef = 01B18AE42BB553560019F040 /* AddGeneralTaskViewController.swift */; };
		01B18AE72BB581F50019F040 /* AddGeneralTaskPresenter.swift in Sources */ = {isa = PBXBuildFile; fileRef = 01B18AE62BB581F50019F040 /* AddGeneralTaskPresenter.swift */; };
		01B18AE92BB651C40019F040 /* GeneralTaskSearchViewController.swift in Sources */ = {isa = PBXBuildFile; fileRef = 01B18AE82BB651C40019F040 /* GeneralTaskSearchViewController.swift */; };
		01B18AEB2BB654D50019F040 /* SearchGeneralTaskTableViewCell.swift in Sources */ = {isa = PBXBuildFile; fileRef = 01B18AEA2BB654D50019F040 /* SearchGeneralTaskTableViewCell.swift */; };
		01B18AED2BB659300019F040 /* GeneralTaskSearchPresenter.swift in Sources */ = {isa = PBXBuildFile; fileRef = 01B18AEC2BB659300019F040 /* GeneralTaskSearchPresenter.swift */; };
		01B18AF02BB67FE80019F040 /* GeneralTask+CoreDataClass.swift in Sources */ = {isa = PBXBuildFile; fileRef = 01B18AEE2BB67FE80019F040 /* GeneralTask+CoreDataClass.swift */; };
		01B18AF12BB67FE80019F040 /* GeneralTask+CoreDataProperties.swift in Sources */ = {isa = PBXBuildFile; fileRef = 01B18AEF2BB67FE80019F040 /* GeneralTask+CoreDataProperties.swift */; };
		01B18AF32BB692BA0019F040 /* DelayedSpecificTaskListViewController.swift in Sources */ = {isa = PBXBuildFile; fileRef = 01B18AF22BB692BA0019F040 /* DelayedSpecificTaskListViewController.swift */; };
		01B18AF52BB69A020019F040 /* DelayedSpecificTaskCollectionViewCell.swift in Sources */ = {isa = PBXBuildFile; fileRef = 01B18AF42BB69A020019F040 /* DelayedSpecificTaskCollectionViewCell.swift */; };
		01B18AF72BB706550019F040 /* DelayedSpecificTaskListPresenter.swift in Sources */ = {isa = PBXBuildFile; fileRef = 01B18AF62BB706550019F040 /* DelayedSpecificTaskListPresenter.swift */; };
		01C711C12BB8F4510058B07F /* README.md in Resources */ = {isa = PBXBuildFile; fileRef = 01C711C02BB8F4510058B07F /* README.md */; };
		01C711C32BB8F4EC0058B07F /* LICENSE in Resources */ = {isa = PBXBuildFile; fileRef = 01C711C22BB8F4EC0058B07F /* LICENSE */; };
		01C711C72BB8F7E40058B07F /* SettingsPresenter.swift in Sources */ = {isa = PBXBuildFile; fileRef = 01C711C62BB8F7E40058B07F /* SettingsPresenter.swift */; };
		01C711CB2BBA46550058B07F /* Launch Screen.storyboard in Resources */ = {isa = PBXBuildFile; fileRef = 01C711CA2BBA46550058B07F /* Launch Screen.storyboard */; };
/* End PBXBuildFile section */

/* Begin PBXFileReference section */
		0127D3AF2BB192F1004C5233 /* TimeManager.app */ = {isa = PBXFileReference; explicitFileType = wrapper.application; includeInIndex = 0; path = TimeManager.app; sourceTree = BUILT_PRODUCTS_DIR; };
		0127D3B22BB192F1004C5233 /* AppDelegate.swift */ = {isa = PBXFileReference; lastKnownFileType = sourcecode.swift; path = AppDelegate.swift; sourceTree = "<group>"; };
		0127D3B42BB192F1004C5233 /* SceneDelegate.swift */ = {isa = PBXFileReference; lastKnownFileType = sourcecode.swift; path = SceneDelegate.swift; sourceTree = "<group>"; };
		0127D3BE2BB192F2004C5233 /* Assets.xcassets */ = {isa = PBXFileReference; lastKnownFileType = folder.assetcatalog; path = Assets.xcassets; sourceTree = "<group>"; };
		0127D3C32BB192F2004C5233 /* TimeManager.entitlements */ = {isa = PBXFileReference; lastKnownFileType = text.plist.entitlements; path = TimeManager.entitlements; sourceTree = "<group>"; };
		0127D3C42BB192F2004C5233 /* Info.plist */ = {isa = PBXFileReference; lastKnownFileType = text.plist.xml; path = Info.plist; sourceTree = "<group>"; };
		0127D3CC2BB194BC004C5233 /* UIColor+HEX.swift */ = {isa = PBXFileReference; lastKnownFileType = sourcecode.swift; path = "UIColor+HEX.swift"; sourceTree = "<group>"; };
		0127D3CE2BB194D5004C5233 /* UIView+Pin.swift */ = {isa = PBXFileReference; lastKnownFileType = sourcecode.swift; path = "UIView+Pin.swift"; sourceTree = "<group>"; };
		012F96052BB19AE60012B8EE /* TimeManager.xcdatamodel */ = {isa = PBXFileReference; lastKnownFileType = wrapper.xcdatamodel; path = TimeManager.xcdatamodel; sourceTree = "<group>"; };
		012F96092BB19C090012B8EE /* SpecificTask+CoreDataClass.swift */ = {isa = PBXFileReference; lastKnownFileType = sourcecode.swift; path = "SpecificTask+CoreDataClass.swift"; sourceTree = "<group>"; };
		012F960A2BB19C090012B8EE /* SpecificTask+CoreDataProperties.swift */ = {isa = PBXFileReference; lastKnownFileType = sourcecode.swift; path = "SpecificTask+CoreDataProperties.swift"; sourceTree = "<group>"; };
		012F960B2BB19C090012B8EE /* Tag+CoreDataClass.swift */ = {isa = PBXFileReference; lastKnownFileType = sourcecode.swift; path = "Tag+CoreDataClass.swift"; sourceTree = "<group>"; };
		012F960C2BB19C090012B8EE /* Tag+CoreDataProperties.swift */ = {isa = PBXFileReference; lastKnownFileType = sourcecode.swift; path = "Tag+CoreDataProperties.swift"; sourceTree = "<group>"; };
		012F960D2BB19C090012B8EE /* Task+CoreDataClass.swift */ = {isa = PBXFileReference; lastKnownFileType = sourcecode.swift; path = "Task+CoreDataClass.swift"; sourceTree = "<group>"; };
		012F960E2BB19C090012B8EE /* Task+CoreDataProperties.swift */ = {isa = PBXFileReference; lastKnownFileType = sourcecode.swift; path = "Task+CoreDataProperties.swift"; sourceTree = "<group>"; };
		012F96172BB19C680012B8EE /* SpecificTaskRepository.swift */ = {isa = PBXFileReference; lastKnownFileType = sourcecode.swift; path = SpecificTaskRepository.swift; sourceTree = "<group>"; };
		012F96192BB19C950012B8EE /* GeneralTaskRepository.swift */ = {isa = PBXFileReference; lastKnownFileType = sourcecode.swift; path = GeneralTaskRepository.swift; sourceTree = "<group>"; };
		012F961B2BB19CAC0012B8EE /* TagRepository.swift */ = {isa = PBXFileReference; lastKnownFileType = sourcecode.swift; path = TagRepository.swift; sourceTree = "<group>"; };
		012F961D2BB19CB90012B8EE /* CoreDataSpecificTaskRepository.swift */ = {isa = PBXFileReference; lastKnownFileType = sourcecode.swift; path = CoreDataSpecificTaskRepository.swift; sourceTree = "<group>"; };
		012F961F2BB19CE20012B8EE /* CoreDataGeneralTaskRepository.swift */ = {isa = PBXFileReference; lastKnownFileType = sourcecode.swift; path = CoreDataGeneralTaskRepository.swift; sourceTree = "<group>"; };
		012F96212BB19CF40012B8EE /* CoreDataTagRepository.swift */ = {isa = PBXFileReference; lastKnownFileType = sourcecode.swift; path = CoreDataTagRepository.swift; sourceTree = "<group>"; };
		012F96232BB19D850012B8EE /* SpecificTaskListPresenter.swift */ = {isa = PBXFileReference; lastKnownFileType = sourcecode.swift; path = SpecificTaskListPresenter.swift; sourceTree = "<group>"; };
		012F96262BB19DDD0012B8EE /* SpecificTaskDto.swift */ = {isa = PBXFileReference; lastKnownFileType = sourcecode.swift; path = SpecificTaskDto.swift; sourceTree = "<group>"; };
		012F96282BB19E850012B8EE /* SpecificTaskListViewController.swift */ = {isa = PBXFileReference; lastKnownFileType = sourcecode.swift; path = SpecificTaskListViewController.swift; sourceTree = "<group>"; };
		012F962A2BB19EC90012B8EE /* AddSpecificTaskPresenter.swift */ = {isa = PBXFileReference; lastKnownFileType = sourcecode.swift; path = AddSpecificTaskPresenter.swift; sourceTree = "<group>"; };
		012F962C2BB19EE30012B8EE /* AddSpecificTaskViewController.swift */ = {isa = PBXFileReference; lastKnownFileType = sourcecode.swift; path = AddSpecificTaskViewController.swift; sourceTree = "<group>"; };
		012F962E2BB19F190012B8EE /* WeekdayTableViewCell.swift */ = {isa = PBXFileReference; lastKnownFileType = sourcecode.swift; path = WeekdayTableViewCell.swift; sourceTree = "<group>"; };
		012F96302BB19F2E0012B8EE /* WeekCollectionViewCell.swift */ = {isa = PBXFileReference; lastKnownFileType = sourcecode.swift; path = WeekCollectionViewCell.swift; sourceTree = "<group>"; };
		012F96322BB19F410012B8EE /* SpecificTaskCollectionViewCell.swift */ = {isa = PBXFileReference; lastKnownFileType = sourcecode.swift; path = SpecificTaskCollectionViewCell.swift; sourceTree = "<group>"; };
		012F96342BB19F740012B8EE /* MainTabBarViewController.swift */ = {isa = PBXFileReference; lastKnownFileType = sourcecode.swift; path = MainTabBarViewController.swift; sourceTree = "<group>"; };
		012F96362BB1AE080012B8EE /* SpecificTaskDescriptionViewController.swift */ = {isa = PBXFileReference; lastKnownFileType = sourcecode.swift; path = SpecificTaskDescriptionViewController.swift; sourceTree = "<group>"; };
		012FF3292BB7A63000B8773F /* GeneralTaskDescriptionViewController.swift */ = {isa = PBXFileReference; lastKnownFileType = sourcecode.swift; path = GeneralTaskDescriptionViewController.swift; sourceTree = "<group>"; };
		012FF32B2BB7B33C00B8773F /* GeneralTaskDescriptionPresenter.swift */ = {isa = PBXFileReference; lastKnownFileType = sourcecode.swift; path = GeneralTaskDescriptionPresenter.swift; sourceTree = "<group>"; };
		012FF32F2BB7EDED00B8773F /* TagFilterViewController.swift */ = {isa = PBXFileReference; lastKnownFileType = sourcecode.swift; path = TagFilterViewController.swift; sourceTree = "<group>"; };
		012FF3312BB7EFC500B8773F /* TagFilterPresenter.swift */ = {isa = PBXFileReference; lastKnownFileType = sourcecode.swift; path = TagFilterPresenter.swift; sourceTree = "<group>"; };
		012FF3332BB8832500B8773F /* SettingsViewController.swift */ = {isa = PBXFileReference; lastKnownFileType = sourcecode.swift; path = SettingsViewController.swift; sourceTree = "<group>"; };
		012FF3352BB88C1D00B8773F /* TagSettingsViewController.swift */ = {isa = PBXFileReference; lastKnownFileType = sourcecode.swift; path = TagSettingsViewController.swift; sourceTree = "<group>"; };
		012FF3372BB8902A00B8773F /* TagSettingsPresenter.swift */ = {isa = PBXFileReference; lastKnownFileType = sourcecode.swift; path = TagSettingsPresenter.swift; sourceTree = "<group>"; };
		01B18ABB2BB2D8350019F040 /* TagView.swift */ = {isa = PBXFileReference; lastKnownFileType = sourcecode.swift; path = TagView.swift; sourceTree = "<group>"; };
		01B18ABE2BB2E9D40019F040 /* CalendarManager.swift */ = {isa = PBXFileReference; lastKnownFileType = sourcecode.swift; path = CalendarManager.swift; sourceTree = "<group>"; };
		01B18AC02BB2E9EF0019F040 /* CalendarEventModel.swift */ = {isa = PBXFileReference; lastKnownFileType = sourcecode.swift; path = CalendarEventModel.swift; sourceTree = "<group>"; };
		01B18AC22BB2EA160019F040 /* CalendarManaging.swift */ = {isa = PBXFileReference; lastKnownFileType = sourcecode.swift; path = CalendarManaging.swift; sourceTree = "<group>"; };
		01B18AC42BB2ED900019F040 /* ReminderEventModel.swift */ = {isa = PBXFileReference; lastKnownFileType = sourcecode.swift; path = ReminderEventModel.swift; sourceTree = "<group>"; };
		01B18AC62BB2EDB30019F040 /* ReminderManaging.swift */ = {isa = PBXFileReference; lastKnownFileType = sourcecode.swift; path = ReminderManaging.swift; sourceTree = "<group>"; };
		01B18AC82BB2EDD10019F040 /* ReminderManager.swift */ = {isa = PBXFileReference; lastKnownFileType = sourcecode.swift; path = ReminderManager.swift; sourceTree = "<group>"; };
		01B18ACA2BB31FC20019F040 /* TagCollectionViewCell.swift */ = {isa = PBXFileReference; lastKnownFileType = sourcecode.swift; path = TagCollectionViewCell.swift; sourceTree = "<group>"; };
		01B18ACC2BB326390019F040 /* TagDto.swift */ = {isa = PBXFileReference; lastKnownFileType = sourcecode.swift; path = TagDto.swift; sourceTree = "<group>"; };
		01B18AD22BB3C3940019F040 /* AddTagPresenter.swift */ = {isa = PBXFileReference; lastKnownFileType = sourcecode.swift; path = AddTagPresenter.swift; sourceTree = "<group>"; };
		01B18AD42BB3C7980019F040 /* AddTagViewController.swift */ = {isa = PBXFileReference; lastKnownFileType = sourcecode.swift; path = AddTagViewController.swift; sourceTree = "<group>"; };
		01B18AD62BB3D0E90019F040 /* PopUpPresentationController.swift */ = {isa = PBXFileReference; lastKnownFileType = sourcecode.swift; path = PopUpPresentationController.swift; sourceTree = "<group>"; };
		01B18AD82BB4747E0019F040 /* DatePickerViewController.swift */ = {isa = PBXFileReference; lastKnownFileType = sourcecode.swift; path = DatePickerViewController.swift; sourceTree = "<group>"; };
		01B18ADA2BB511B20019F040 /* GeneralTaskListViewController.swift */ = {isa = PBXFileReference; lastKnownFileType = sourcecode.swift; path = GeneralTaskListViewController.swift; sourceTree = "<group>"; };
		01B18ADC2BB516210019F040 /* GeneralTaskTableViewCell.swift */ = {isa = PBXFileReference; lastKnownFileType = sourcecode.swift; path = GeneralTaskTableViewCell.swift; sourceTree = "<group>"; };
		01B18ADE2BB5283C0019F040 /* GeneralTaskDto.swift */ = {isa = PBXFileReference; lastKnownFileType = sourcecode.swift; path = GeneralTaskDto.swift; sourceTree = "<group>"; };
		01B18AE02BB541790019F040 /* GeneralTabelViewHeader.swift */ = {isa = PBXFileReference; lastKnownFileType = sourcecode.swift; path = GeneralTabelViewHeader.swift; sourceTree = "<group>"; };
		01B18AE22BB553130019F040 /* GeneralTaskListPresenter.swift */ = {isa = PBXFileReference; lastKnownFileType = sourcecode.swift; path = GeneralTaskListPresenter.swift; sourceTree = "<group>"; };
		01B18AE42BB553560019F040 /* AddGeneralTaskViewController.swift */ = {isa = PBXFileReference; lastKnownFileType = sourcecode.swift; path = AddGeneralTaskViewController.swift; sourceTree = "<group>"; };
		01B18AE62BB581F50019F040 /* AddGeneralTaskPresenter.swift */ = {isa = PBXFileReference; lastKnownFileType = sourcecode.swift; path = AddGeneralTaskPresenter.swift; sourceTree = "<group>"; };
		01B18AE82BB651C40019F040 /* GeneralTaskSearchViewController.swift */ = {isa = PBXFileReference; lastKnownFileType = sourcecode.swift; path = GeneralTaskSearchViewController.swift; sourceTree = "<group>"; };
		01B18AEA2BB654D50019F040 /* SearchGeneralTaskTableViewCell.swift */ = {isa = PBXFileReference; lastKnownFileType = sourcecode.swift; path = SearchGeneralTaskTableViewCell.swift; sourceTree = "<group>"; };
		01B18AEC2BB659300019F040 /* GeneralTaskSearchPresenter.swift */ = {isa = PBXFileReference; lastKnownFileType = sourcecode.swift; path = GeneralTaskSearchPresenter.swift; sourceTree = "<group>"; };
		01B18AEE2BB67FE80019F040 /* GeneralTask+CoreDataClass.swift */ = {isa = PBXFileReference; lastKnownFileType = sourcecode.swift; path = "GeneralTask+CoreDataClass.swift"; sourceTree = "<group>"; };
		01B18AEF2BB67FE80019F040 /* GeneralTask+CoreDataProperties.swift */ = {isa = PBXFileReference; lastKnownFileType = sourcecode.swift; path = "GeneralTask+CoreDataProperties.swift"; sourceTree = "<group>"; };
		01B18AF22BB692BA0019F040 /* DelayedSpecificTaskListViewController.swift */ = {isa = PBXFileReference; lastKnownFileType = sourcecode.swift; path = DelayedSpecificTaskListViewController.swift; sourceTree = "<group>"; };
		01B18AF42BB69A020019F040 /* DelayedSpecificTaskCollectionViewCell.swift */ = {isa = PBXFileReference; lastKnownFileType = sourcecode.swift; path = DelayedSpecificTaskCollectionViewCell.swift; sourceTree = "<group>"; };
		01B18AF62BB706550019F040 /* DelayedSpecificTaskListPresenter.swift */ = {isa = PBXFileReference; lastKnownFileType = sourcecode.swift; path = DelayedSpecificTaskListPresenter.swift; sourceTree = "<group>"; };
		01C711C02BB8F4510058B07F /* README.md */ = {isa = PBXFileReference; lastKnownFileType = net.daringfireball.markdown; path = README.md; sourceTree = "<group>"; };
		01C711C22BB8F4EC0058B07F /* LICENSE */ = {isa = PBXFileReference; lastKnownFileType = text; path = LICENSE; sourceTree = "<group>"; };
		01C711C62BB8F7E40058B07F /* SettingsPresenter.swift */ = {isa = PBXFileReference; lastKnownFileType = sourcecode.swift; path = SettingsPresenter.swift; sourceTree = "<group>"; };
		01C711CA2BBA46550058B07F /* Launch Screen.storyboard */ = {isa = PBXFileReference; lastKnownFileType = file.storyboard; path = "Launch Screen.storyboard"; sourceTree = "<group>"; };
/* End PBXFileReference section */

/* Begin PBXFrameworksBuildPhase section */
		0127D3AC2BB192F1004C5233 /* Frameworks */ = {
			isa = PBXFrameworksBuildPhase;
			buildActionMask = 2147483647;
			files = (
			);
			runOnlyForDeploymentPostprocessing = 0;
		};
/* End PBXFrameworksBuildPhase section */

/* Begin PBXGroup section */
		0127D3A62BB192F1004C5233 = {
			isa = PBXGroup;
			children = (
				01C711C22BB8F4EC0058B07F /* LICENSE */,
				01C711C02BB8F4510058B07F /* README.md */,
				0127D3B12BB192F1004C5233 /* TimeManager */,
				0127D3B02BB192F1004C5233 /* Products */,
			);
			sourceTree = "<group>";
		};
		0127D3B02BB192F1004C5233 /* Products */ = {
			isa = PBXGroup;
			children = (
				0127D3AF2BB192F1004C5233 /* TimeManager.app */,
			);
			name = Products;
			sourceTree = "<group>";
		};
		0127D3B12BB192F1004C5233 /* TimeManager */ = {
			isa = PBXGroup;
			children = (
				0127D3D32BB195D9004C5233 /* Views */,
				0127D3D22BB195CC004C5233 /* Presenters */,
				0127D3D12BB19580004C5233 /* Infrastructure */,
				0127D3D02BB19538004C5233 /* Resources */,
				0127D3CB2BB194A3004C5233 /* Extensions */,
				0127D3CA2BB1948E004C5233 /* App */,
			);
			path = TimeManager;
			sourceTree = "<group>";
		};
		0127D3CA2BB1948E004C5233 /* App */ = {
			isa = PBXGroup;
			children = (
				0127D3C32BB192F2004C5233 /* TimeManager.entitlements */,
				0127D3B22BB192F1004C5233 /* AppDelegate.swift */,
				0127D3B42BB192F1004C5233 /* SceneDelegate.swift */,
				01C711CA2BBA46550058B07F /* Launch Screen.storyboard */,
			);
			path = App;
			sourceTree = "<group>";
		};
		0127D3CB2BB194A3004C5233 /* Extensions */ = {
			isa = PBXGroup;
			children = (
				0127D3CC2BB194BC004C5233 /* UIColor+HEX.swift */,
				0127D3CE2BB194D5004C5233 /* UIView+Pin.swift */,
			);
			path = Extensions;
			sourceTree = "<group>";
		};
		0127D3D02BB19538004C5233 /* Resources */ = {
			isa = PBXGroup;
			children = (
				0127D3C42BB192F2004C5233 /* Info.plist */,
				0127D3BE2BB192F2004C5233 /* Assets.xcassets */,
			);
			path = Resources;
			sourceTree = "<group>";
		};
		0127D3D12BB19580004C5233 /* Infrastructure */ = {
			isa = PBXGroup;
			children = (
				0127D3D52BB196AA004C5233 /* Repositories */,
				0127D3D42BB195F6004C5233 /* Models */,
			);
			path = Infrastructure;
			sourceTree = "<group>";
		};
		0127D3D22BB195CC004C5233 /* Presenters */ = {
			isa = PBXGroup;
			children = (
				01B18ABD2BB2E9830019F040 /* Manager */,
				012F96252BB19DCB0012B8EE /* Dtos */,
				012F96232BB19D850012B8EE /* SpecificTaskListPresenter.swift */,
				012F962A2BB19EC90012B8EE /* AddSpecificTaskPresenter.swift */,
				01B18AD22BB3C3940019F040 /* AddTagPresenter.swift */,
				01B18AE22BB553130019F040 /* GeneralTaskListPresenter.swift */,
				01B18AE62BB581F50019F040 /* AddGeneralTaskPresenter.swift */,
				01B18AEC2BB659300019F040 /* GeneralTaskSearchPresenter.swift */,
				01B18AF62BB706550019F040 /* DelayedSpecificTaskListPresenter.swift */,
				012FF32B2BB7B33C00B8773F /* GeneralTaskDescriptionPresenter.swift */,
				012FF3312BB7EFC500B8773F /* TagFilterPresenter.swift */,
				012FF3372BB8902A00B8773F /* TagSettingsPresenter.swift */,
				01C711C62BB8F7E40058B07F /* SettingsPresenter.swift */,
			);
			path = Presenters;
			sourceTree = "<group>";
		};
		0127D3D32BB195D9004C5233 /* Views */ = {
			isa = PBXGroup;
			children = (
				01B18ABA2BB2D8210019F040 /* CustomViews */,
				0127D3D72BB196CE004C5233 /* Screens */,
				0127D3D62BB196C2004C5233 /* CustomCells */,
			);
			path = Views;
			sourceTree = "<group>";
		};
		0127D3D42BB195F6004C5233 /* Models */ = {
			isa = PBXGroup;
			children = (
				01B18AEE2BB67FE80019F040 /* GeneralTask+CoreDataClass.swift */,
				01B18AEF2BB67FE80019F040 /* GeneralTask+CoreDataProperties.swift */,
				012F96092BB19C090012B8EE /* SpecificTask+CoreDataClass.swift */,
				012F960A2BB19C090012B8EE /* SpecificTask+CoreDataProperties.swift */,
				012F960B2BB19C090012B8EE /* Tag+CoreDataClass.swift */,
				012F960C2BB19C090012B8EE /* Tag+CoreDataProperties.swift */,
				012F960D2BB19C090012B8EE /* Task+CoreDataClass.swift */,
				012F960E2BB19C090012B8EE /* Task+CoreDataProperties.swift */,
				012F96042BB19AE60012B8EE /* TimeManager.xcdatamodeld */,
			);
			path = Models;
			sourceTree = "<group>";
		};
		0127D3D52BB196AA004C5233 /* Repositories */ = {
			isa = PBXGroup;
			children = (
				012F96172BB19C680012B8EE /* SpecificTaskRepository.swift */,
				012F96192BB19C950012B8EE /* GeneralTaskRepository.swift */,
				012F961B2BB19CAC0012B8EE /* TagRepository.swift */,
				012F961D2BB19CB90012B8EE /* CoreDataSpecificTaskRepository.swift */,
				012F961F2BB19CE20012B8EE /* CoreDataGeneralTaskRepository.swift */,
				012F96212BB19CF40012B8EE /* CoreDataTagRepository.swift */,
			);
			path = Repositories;
			sourceTree = "<group>";
		};
		0127D3D62BB196C2004C5233 /* CustomCells */ = {
			isa = PBXGroup;
			children = (
				012F962E2BB19F190012B8EE /* WeekdayTableViewCell.swift */,
				012F96302BB19F2E0012B8EE /* WeekCollectionViewCell.swift */,
				012F96322BB19F410012B8EE /* SpecificTaskCollectionViewCell.swift */,
				01B18ACA2BB31FC20019F040 /* TagCollectionViewCell.swift */,
				01B18ADC2BB516210019F040 /* GeneralTaskTableViewCell.swift */,
				01B18AEA2BB654D50019F040 /* SearchGeneralTaskTableViewCell.swift */,
				01B18AF42BB69A020019F040 /* DelayedSpecificTaskCollectionViewCell.swift */,
			);
			path = CustomCells;
			sourceTree = "<group>";
		};
		0127D3D72BB196CE004C5233 /* Screens */ = {
			isa = PBXGroup;
			children = (
				012F96282BB19E850012B8EE /* SpecificTaskListViewController.swift */,
				012F962C2BB19EE30012B8EE /* AddSpecificTaskViewController.swift */,
				012F96342BB19F740012B8EE /* MainTabBarViewController.swift */,
				012F96362BB1AE080012B8EE /* SpecificTaskDescriptionViewController.swift */,
				01B18AD42BB3C7980019F040 /* AddTagViewController.swift */,
				01B18AD82BB4747E0019F040 /* DatePickerViewController.swift */,
				01B18ADA2BB511B20019F040 /* GeneralTaskListViewController.swift */,
				01B18AE42BB553560019F040 /* AddGeneralTaskViewController.swift */,
				01B18AE82BB651C40019F040 /* GeneralTaskSearchViewController.swift */,
				01B18AF22BB692BA0019F040 /* DelayedSpecificTaskListViewController.swift */,
				012FF3292BB7A63000B8773F /* GeneralTaskDescriptionViewController.swift */,
				012FF32F2BB7EDED00B8773F /* TagFilterViewController.swift */,
				012FF3332BB8832500B8773F /* SettingsViewController.swift */,
				012FF3352BB88C1D00B8773F /* TagSettingsViewController.swift */,
			);
			path = Screens;
			sourceTree = "<group>";
		};
		012F96252BB19DCB0012B8EE /* Dtos */ = {
			isa = PBXGroup;
			children = (
				012F96262BB19DDD0012B8EE /* SpecificTaskDto.swift */,
				01B18AC02BB2E9EF0019F040 /* CalendarEventModel.swift */,
				01B18AC42BB2ED900019F040 /* ReminderEventModel.swift */,
				01B18ACC2BB326390019F040 /* TagDto.swift */,
				01B18ADE2BB5283C0019F040 /* GeneralTaskDto.swift */,
			);
			path = Dtos;
			sourceTree = "<group>";
		};
		01B18ABA2BB2D8210019F040 /* CustomViews */ = {
			isa = PBXGroup;
			children = (
				01B18ABB2BB2D8350019F040 /* TagView.swift */,
				01B18AD62BB3D0E90019F040 /* PopUpPresentationController.swift */,
				01B18AE02BB541790019F040 /* GeneralTabelViewHeader.swift */,
			);
			path = CustomViews;
			sourceTree = "<group>";
		};
		01B18ABD2BB2E9830019F040 /* Manager */ = {
			isa = PBXGroup;
			children = (
				01B18ABE2BB2E9D40019F040 /* CalendarManager.swift */,
				01B18AC22BB2EA160019F040 /* CalendarManaging.swift */,
				01B18AC62BB2EDB30019F040 /* ReminderManaging.swift */,
				01B18AC82BB2EDD10019F040 /* ReminderManager.swift */,
			);
			path = Manager;
			sourceTree = "<group>";
		};
/* End PBXGroup section */

/* Begin PBXNativeTarget section */
		0127D3AE2BB192F1004C5233 /* TimeManager */ = {
			isa = PBXNativeTarget;
			buildConfigurationList = 0127D3C72BB192F2004C5233 /* Build configuration list for PBXNativeTarget "TimeManager" */;
			buildPhases = (
				0127D3AB2BB192F1004C5233 /* Sources */,
				0127D3AC2BB192F1004C5233 /* Frameworks */,
				0127D3AD2BB192F1004C5233 /* Resources */,
			);
			buildRules = (
			);
			dependencies = (
			);
			name = TimeManager;
			productName = TimeManager;
			productReference = 0127D3AF2BB192F1004C5233 /* TimeManager.app */;
			productType = "com.apple.product-type.application";
		};
/* End PBXNativeTarget section */

/* Begin PBXProject section */
		0127D3A72BB192F1004C5233 /* Project object */ = {
			isa = PBXProject;
			attributes = {
				BuildIndependentTargetsInParallel = 1;
				LastSwiftUpdateCheck = 1520;
				LastUpgradeCheck = 1520;
				TargetAttributes = {
					0127D3AE2BB192F1004C5233 = {
						CreatedOnToolsVersion = 15.2;
					};
				};
			};
			buildConfigurationList = 0127D3AA2BB192F1004C5233 /* Build configuration list for PBXProject "TimeManager" */;
			compatibilityVersion = "Xcode 14.0";
			developmentRegion = en;
			hasScannedForEncodings = 0;
			knownRegions = (
				en,
				Base,
			);
			mainGroup = 0127D3A62BB192F1004C5233;
			productRefGroup = 0127D3B02BB192F1004C5233 /* Products */;
			projectDirPath = "";
			projectRoot = "";
			targets = (
				0127D3AE2BB192F1004C5233 /* TimeManager */,
			);
		};
/* End PBXProject section */

/* Begin PBXResourcesBuildPhase section */
		0127D3AD2BB192F1004C5233 /* Resources */ = {
			isa = PBXResourcesBuildPhase;
			buildActionMask = 2147483647;
			files = (
				01C711C32BB8F4EC0058B07F /* LICENSE in Resources */,
				01C711C12BB8F4510058B07F /* README.md in Resources */,
				01C711CB2BBA46550058B07F /* Launch Screen.storyboard in Resources */,
				0127D3BF2BB192F2004C5233 /* Assets.xcassets in Resources */,
			);
			runOnlyForDeploymentPostprocessing = 0;
		};
/* End PBXResourcesBuildPhase section */

/* Begin PBXSourcesBuildPhase section */
		0127D3AB2BB192F1004C5233 /* Sources */ = {
			isa = PBXSourcesBuildPhase;
			buildActionMask = 2147483647;
			files = (
				01B18AF72BB706550019F040 /* DelayedSpecificTaskListPresenter.swift in Sources */,
				012F96112BB19C090012B8EE /* SpecificTask+CoreDataClass.swift in Sources */,
				012F96222BB19CF40012B8EE /* CoreDataTagRepository.swift in Sources */,
				012F96272BB19DDD0012B8EE /* SpecificTaskDto.swift in Sources */,
				01B18ABC2BB2D8350019F040 /* TagView.swift in Sources */,
				01B18ADF2BB5283C0019F040 /* GeneralTaskDto.swift in Sources */,
				01B18AE72BB581F50019F040 /* AddGeneralTaskPresenter.swift in Sources */,
				012F962B2BB19EC90012B8EE /* AddSpecificTaskPresenter.swift in Sources */,
				01B18ABF2BB2E9D40019F040 /* CalendarManager.swift in Sources */,
				012FF32A2BB7A63000B8773F /* GeneralTaskDescriptionViewController.swift in Sources */,
				01B18AED2BB659300019F040 /* GeneralTaskSearchPresenter.swift in Sources */,
				01B18AE12BB541790019F040 /* GeneralTabelViewHeader.swift in Sources */,
				01B18ACB2BB31FC20019F040 /* TagCollectionViewCell.swift in Sources */,
				012F96332BB19F410012B8EE /* SpecificTaskCollectionViewCell.swift in Sources */,
				01B18AF02BB67FE80019F040 /* GeneralTask+CoreDataClass.swift in Sources */,
				012F96352BB19F740012B8EE /* MainTabBarViewController.swift in Sources */,
				012F96202BB19CE20012B8EE /* CoreDataGeneralTaskRepository.swift in Sources */,
				012F96182BB19C680012B8EE /* SpecificTaskRepository.swift in Sources */,
				012FF3322BB7EFC500B8773F /* TagFilterPresenter.swift in Sources */,
				012F96242BB19D850012B8EE /* SpecificTaskListPresenter.swift in Sources */,
				01B18AE52BB553560019F040 /* AddGeneralTaskViewController.swift in Sources */,
				012F961C2BB19CAC0012B8EE /* TagRepository.swift in Sources */,
				01B18AF12BB67FE80019F040 /* GeneralTask+CoreDataProperties.swift in Sources */,
				012FF3342BB8832500B8773F /* SettingsViewController.swift in Sources */,
				01B18AC32BB2EA160019F040 /* CalendarManaging.swift in Sources */,
				012F96152BB19C090012B8EE /* Task+CoreDataClass.swift in Sources */,
				01B18AC92BB2EDD10019F040 /* ReminderManager.swift in Sources */,
				012F96142BB19C090012B8EE /* Tag+CoreDataProperties.swift in Sources */,
				01B18AD32BB3C3940019F040 /* AddTagPresenter.swift in Sources */,
				012F96162BB19C090012B8EE /* Task+CoreDataProperties.swift in Sources */,
				0127D3CD2BB194BC004C5233 /* UIColor+HEX.swift in Sources */,
				01B18AF32BB692BA0019F040 /* DelayedSpecificTaskListViewController.swift in Sources */,
				01B18AD52BB3C7980019F040 /* AddTagViewController.swift in Sources */,
				012FF3302BB7EDED00B8773F /* TagFilterViewController.swift in Sources */,
				01B18ADB2BB511B20019F040 /* GeneralTaskListViewController.swift in Sources */,
				012F961A2BB19C950012B8EE /* GeneralTaskRepository.swift in Sources */,
				0127D3CF2BB194D5004C5233 /* UIView+Pin.swift in Sources */,
				012F96292BB19E850012B8EE /* SpecificTaskListViewController.swift in Sources */,
				012F96062BB19AE60012B8EE /* TimeManager.xcdatamodeld in Sources */,
				01B18AD92BB4747E0019F040 /* DatePickerViewController.swift in Sources */,
				012FF3382BB8902A00B8773F /* TagSettingsPresenter.swift in Sources */,
				01C711C72BB8F7E40058B07F /* SettingsPresenter.swift in Sources */,
				012F96372BB1AE080012B8EE /* SpecificTaskDescriptionViewController.swift in Sources */,
				0127D3B32BB192F1004C5233 /* AppDelegate.swift in Sources */,
				012F961E2BB19CB90012B8EE /* CoreDataSpecificTaskRepository.swift in Sources */,
				012F962D2BB19EE30012B8EE /* AddSpecificTaskViewController.swift in Sources */,
				012FF32C2BB7B33C00B8773F /* GeneralTaskDescriptionPresenter.swift in Sources */,
				0127D3B52BB192F1004C5233 /* SceneDelegate.swift in Sources */,
				012FF3362BB88C1D00B8773F /* TagSettingsViewController.swift in Sources */,
				01B18AE92BB651C40019F040 /* GeneralTaskSearchViewController.swift in Sources */,
				01B18ACD2BB326390019F040 /* TagDto.swift in Sources */,
				012F96132BB19C090012B8EE /* Tag+CoreDataClass.swift in Sources */,
				01B18AC72BB2EDB30019F040 /* ReminderManaging.swift in Sources */,
				01B18AC12BB2E9EF0019F040 /* CalendarEventModel.swift in Sources */,
				01B18ADD2BB516210019F040 /* GeneralTaskTableViewCell.swift in Sources */,
				01B18AE32BB553130019F040 /* GeneralTaskListPresenter.swift in Sources */,
				01B18AD72BB3D0E90019F040 /* PopUpPresentationController.swift in Sources */,
				01B18AC52BB2ED900019F040 /* ReminderEventModel.swift in Sources */,
				012F96312BB19F2E0012B8EE /* WeekCollectionViewCell.swift in Sources */,
				01B18AF52BB69A020019F040 /* DelayedSpecificTaskCollectionViewCell.swift in Sources */,
				012F96122BB19C090012B8EE /* SpecificTask+CoreDataProperties.swift in Sources */,
				01B18AEB2BB654D50019F040 /* SearchGeneralTaskTableViewCell.swift in Sources */,
				012F962F2BB19F190012B8EE /* WeekdayTableViewCell.swift in Sources */,
			);
			runOnlyForDeploymentPostprocessing = 0;
		};
/* End PBXSourcesBuildPhase section */

/* Begin XCBuildConfiguration section */
		0127D3C52BB192F2004C5233 /* Debug */ = {
			isa = XCBuildConfiguration;
			buildSettings = {
				ALWAYS_SEARCH_USER_PATHS = NO;
				ASSETCATALOG_COMPILER_GENERATE_SWIFT_ASSET_SYMBOL_EXTENSIONS = YES;
				CLANG_ANALYZER_NONNULL = YES;
				CLANG_ANALYZER_NUMBER_OBJECT_CONVERSION = YES_AGGRESSIVE;
				CLANG_CXX_LANGUAGE_STANDARD = "gnu++20";
				CLANG_ENABLE_MODULES = YES;
				CLANG_ENABLE_OBJC_ARC = YES;
				CLANG_ENABLE_OBJC_WEAK = YES;
				CLANG_WARN_BLOCK_CAPTURE_AUTORELEASING = YES;
				CLANG_WARN_BOOL_CONVERSION = YES;
				CLANG_WARN_COMMA = YES;
				CLANG_WARN_CONSTANT_CONVERSION = YES;
				CLANG_WARN_DEPRECATED_OBJC_IMPLEMENTATIONS = YES;
				CLANG_WARN_DIRECT_OBJC_ISA_USAGE = YES_ERROR;
				CLANG_WARN_DOCUMENTATION_COMMENTS = YES;
				CLANG_WARN_EMPTY_BODY = YES;
				CLANG_WARN_ENUM_CONVERSION = YES;
				CLANG_WARN_INFINITE_RECURSION = YES;
				CLANG_WARN_INT_CONVERSION = YES;
				CLANG_WARN_NON_LITERAL_NULL_CONVERSION = YES;
				CLANG_WARN_OBJC_IMPLICIT_RETAIN_SELF = YES;
				CLANG_WARN_OBJC_LITERAL_CONVERSION = YES;
				CLANG_WARN_OBJC_ROOT_CLASS = YES_ERROR;
				CLANG_WARN_QUOTED_INCLUDE_IN_FRAMEWORK_HEADER = YES;
				CLANG_WARN_RANGE_LOOP_ANALYSIS = YES;
				CLANG_WARN_STRICT_PROTOTYPES = YES;
				CLANG_WARN_SUSPICIOUS_MOVE = YES;
				CLANG_WARN_UNGUARDED_AVAILABILITY = YES_AGGRESSIVE;
				CLANG_WARN_UNREACHABLE_CODE = YES;
				CLANG_WARN__DUPLICATE_METHOD_MATCH = YES;
				COPY_PHASE_STRIP = NO;
				DEBUG_INFORMATION_FORMAT = dwarf;
				ENABLE_STRICT_OBJC_MSGSEND = YES;
				ENABLE_TESTABILITY = YES;
				ENABLE_USER_SCRIPT_SANDBOXING = YES;
				GCC_C_LANGUAGE_STANDARD = gnu17;
				GCC_DYNAMIC_NO_PIC = NO;
				GCC_NO_COMMON_BLOCKS = YES;
				GCC_OPTIMIZATION_LEVEL = 0;
				GCC_PREPROCESSOR_DEFINITIONS = (
					"DEBUG=1",
					"$(inherited)",
				);
				GCC_WARN_64_TO_32_BIT_CONVERSION = YES;
				GCC_WARN_ABOUT_RETURN_TYPE = YES_ERROR;
				GCC_WARN_UNDECLARED_SELECTOR = YES;
				GCC_WARN_UNINITIALIZED_AUTOS = YES_AGGRESSIVE;
				GCC_WARN_UNUSED_FUNCTION = YES;
				GCC_WARN_UNUSED_VARIABLE = YES;
				IPHONEOS_DEPLOYMENT_TARGET = 17.2;
				LOCALIZATION_PREFERS_STRING_CATALOGS = YES;
				MTL_ENABLE_DEBUG_INFO = INCLUDE_SOURCE;
				MTL_FAST_MATH = YES;
				ONLY_ACTIVE_ARCH = YES;
				SDKROOT = iphoneos;
				SWIFT_ACTIVE_COMPILATION_CONDITIONS = "DEBUG $(inherited)";
				SWIFT_OPTIMIZATION_LEVEL = "-Onone";
			};
			name = Debug;
		};
		0127D3C62BB192F2004C5233 /* Release */ = {
			isa = XCBuildConfiguration;
			buildSettings = {
				ALWAYS_SEARCH_USER_PATHS = NO;
				ASSETCATALOG_COMPILER_GENERATE_SWIFT_ASSET_SYMBOL_EXTENSIONS = YES;
				CLANG_ANALYZER_NONNULL = YES;
				CLANG_ANALYZER_NUMBER_OBJECT_CONVERSION = YES_AGGRESSIVE;
				CLANG_CXX_LANGUAGE_STANDARD = "gnu++20";
				CLANG_ENABLE_MODULES = YES;
				CLANG_ENABLE_OBJC_ARC = YES;
				CLANG_ENABLE_OBJC_WEAK = YES;
				CLANG_WARN_BLOCK_CAPTURE_AUTORELEASING = YES;
				CLANG_WARN_BOOL_CONVERSION = YES;
				CLANG_WARN_COMMA = YES;
				CLANG_WARN_CONSTANT_CONVERSION = YES;
				CLANG_WARN_DEPRECATED_OBJC_IMPLEMENTATIONS = YES;
				CLANG_WARN_DIRECT_OBJC_ISA_USAGE = YES_ERROR;
				CLANG_WARN_DOCUMENTATION_COMMENTS = YES;
				CLANG_WARN_EMPTY_BODY = YES;
				CLANG_WARN_ENUM_CONVERSION = YES;
				CLANG_WARN_INFINITE_RECURSION = YES;
				CLANG_WARN_INT_CONVERSION = YES;
				CLANG_WARN_NON_LITERAL_NULL_CONVERSION = YES;
				CLANG_WARN_OBJC_IMPLICIT_RETAIN_SELF = YES;
				CLANG_WARN_OBJC_LITERAL_CONVERSION = YES;
				CLANG_WARN_OBJC_ROOT_CLASS = YES_ERROR;
				CLANG_WARN_QUOTED_INCLUDE_IN_FRAMEWORK_HEADER = YES;
				CLANG_WARN_RANGE_LOOP_ANALYSIS = YES;
				CLANG_WARN_STRICT_PROTOTYPES = YES;
				CLANG_WARN_SUSPICIOUS_MOVE = YES;
				CLANG_WARN_UNGUARDED_AVAILABILITY = YES_AGGRESSIVE;
				CLANG_WARN_UNREACHABLE_CODE = YES;
				CLANG_WARN__DUPLICATE_METHOD_MATCH = YES;
				COPY_PHASE_STRIP = NO;
				DEBUG_INFORMATION_FORMAT = "dwarf-with-dsym";
				ENABLE_NS_ASSERTIONS = NO;
				ENABLE_STRICT_OBJC_MSGSEND = YES;
				ENABLE_USER_SCRIPT_SANDBOXING = YES;
				GCC_C_LANGUAGE_STANDARD = gnu17;
				GCC_NO_COMMON_BLOCKS = YES;
				GCC_WARN_64_TO_32_BIT_CONVERSION = YES;
				GCC_WARN_ABOUT_RETURN_TYPE = YES_ERROR;
				GCC_WARN_UNDECLARED_SELECTOR = YES;
				GCC_WARN_UNINITIALIZED_AUTOS = YES_AGGRESSIVE;
				GCC_WARN_UNUSED_FUNCTION = YES;
				GCC_WARN_UNUSED_VARIABLE = YES;
				IPHONEOS_DEPLOYMENT_TARGET = 17.2;
				LOCALIZATION_PREFERS_STRING_CATALOGS = YES;
				MTL_ENABLE_DEBUG_INFO = NO;
				MTL_FAST_MATH = YES;
				SDKROOT = iphoneos;
				SWIFT_COMPILATION_MODE = wholemodule;
				VALIDATE_PRODUCT = YES;
			};
			name = Release;
		};
		0127D3C82BB192F2004C5233 /* Debug */ = {
			isa = XCBuildConfiguration;
			buildSettings = {
				ASSETCATALOG_COMPILER_APPICON_NAME = AppIcon;
				ASSETCATALOG_COMPILER_GLOBAL_ACCENT_COLOR_NAME = AccentColor;
				CODE_SIGN_ENTITLEMENTS = TimeManager/App/TimeManager.entitlements;
				CODE_SIGN_STYLE = Automatic;
				CURRENT_PROJECT_VERSION = 1;
				DEVELOPMENT_TEAM = 7N7ZCU7GNB;
				GENERATE_INFOPLIST_FILE = YES;
				INFOPLIST_FILE = TimeManager/Resources/Info.plist;
				INFOPLIST_KEY_NSCalendarsUsageDescription = "Доступ к календарю необходим для создания напоминаний о ваших задачах в приложении";
				INFOPLIST_KEY_NSRemindersUsageDescription = "Доступ к напоминаниям необходим для создания напоминаний о ваших задачах в приложении";
				INFOPLIST_KEY_UIApplicationSupportsIndirectInputEvents = YES;
				INFOPLIST_KEY_UILaunchStoryboardName = "Launch Screen.storyboard";
				INFOPLIST_KEY_UISupportedInterfaceOrientations = UIInterfaceOrientationPortrait;
				INFOPLIST_KEY_UISupportedInterfaceOrientations_iPad = "UIInterfaceOrientationLandscapeLeft UIInterfaceOrientationLandscapeRight UIInterfaceOrientationPortrait UIInterfaceOrientationPortraitUpsideDown";
				IPHONEOS_DEPLOYMENT_TARGET = 17.0;
				LD_RUNPATH_SEARCH_PATHS = (
					"$(inherited)",
					"@executable_path/Frameworks",
				);
				MARKETING_VERSION = 1.0;
				PRODUCT_BUNDLE_IDENTIFIER = aubhona.TimeManager;
				PRODUCT_NAME = "$(TARGET_NAME)";
				SUPPORTED_PLATFORMS = "iphoneos iphonesimulator";
				SUPPORTS_MACCATALYST = NO;
				SUPPORTS_MAC_DESIGNED_FOR_IPHONE_IPAD = NO;
				SUPPORTS_XR_DESIGNED_FOR_IPHONE_IPAD = NO;
				SWIFT_EMIT_LOC_STRINGS = YES;
				SWIFT_VERSION = 5.0;
				TARGETED_DEVICE_FAMILY = 1;
			};
			name = Debug;
		};
		0127D3C92BB192F2004C5233 /* Release */ = {
			isa = XCBuildConfiguration;
			buildSettings = {
				ASSETCATALOG_COMPILER_APPICON_NAME = AppIcon;
				ASSETCATALOG_COMPILER_GLOBAL_ACCENT_COLOR_NAME = AccentColor;
				CODE_SIGN_ENTITLEMENTS = TimeManager/App/TimeManager.entitlements;
				CODE_SIGN_STYLE = Automatic;
				CURRENT_PROJECT_VERSION = 1;
				DEVELOPMENT_TEAM = 7N7ZCU7GNB;
				GENERATE_INFOPLIST_FILE = YES;
				INFOPLIST_FILE = TimeManager/Resources/Info.plist;
				INFOPLIST_KEY_NSCalendarsUsageDescription = "Доступ к календарю необходим для создания напоминаний о ваших задачах в приложении";
				INFOPLIST_KEY_NSRemindersUsageDescription = "Доступ к напоминаниям необходим для создания напоминаний о ваших задачах в приложении";
				INFOPLIST_KEY_UIApplicationSupportsIndirectInputEvents = YES;
				INFOPLIST_KEY_UILaunchStoryboardName = "Launch Screen.storyboard";
				INFOPLIST_KEY_UISupportedInterfaceOrientations = UIInterfaceOrientationPortrait;
				INFOPLIST_KEY_UISupportedInterfaceOrientations_iPad = "UIInterfaceOrientationLandscapeLeft UIInterfaceOrientationLandscapeRight UIInterfaceOrientationPortrait UIInterfaceOrientationPortraitUpsideDown";
				IPHONEOS_DEPLOYMENT_TARGET = 17.0;
				LD_RUNPATH_SEARCH_PATHS = (
					"$(inherited)",
					"@executable_path/Frameworks",
				);
				MARKETING_VERSION = 1.0;
				PRODUCT_BUNDLE_IDENTIFIER = aubhona.TimeManager;
				PRODUCT_NAME = "$(TARGET_NAME)";
				SUPPORTED_PLATFORMS = "iphoneos iphonesimulator";
				SUPPORTS_MACCATALYST = NO;
				SUPPORTS_MAC_DESIGNED_FOR_IPHONE_IPAD = NO;
				SUPPORTS_XR_DESIGNED_FOR_IPHONE_IPAD = NO;
				SWIFT_EMIT_LOC_STRINGS = YES;
				SWIFT_VERSION = 5.0;
				TARGETED_DEVICE_FAMILY = 1;
			};
			name = Release;
		};
/* End XCBuildConfiguration section */

/* Begin XCConfigurationList section */
		0127D3AA2BB192F1004C5233 /* Build configuration list for PBXProject "TimeManager" */ = {
			isa = XCConfigurationList;
			buildConfigurations = (
				0127D3C52BB192F2004C5233 /* Debug */,
				0127D3C62BB192F2004C5233 /* Release */,
			);
			defaultConfigurationIsVisible = 0;
			defaultConfigurationName = Release;
		};
		0127D3C72BB192F2004C5233 /* Build configuration list for PBXNativeTarget "TimeManager" */ = {
			isa = XCConfigurationList;
			buildConfigurations = (
				0127D3C82BB192F2004C5233 /* Debug */,
				0127D3C92BB192F2004C5233 /* Release */,
			);
			defaultConfigurationIsVisible = 0;
			defaultConfigurationName = Release;
		};
/* End XCConfigurationList section */

/* Begin XCVersionGroup section */
		012F96042BB19AE60012B8EE /* TimeManager.xcdatamodeld */ = {
			isa = XCVersionGroup;
			children = (
				012F96052BB19AE60012B8EE /* TimeManager.xcdatamodel */,
			);
			currentVersion = 012F96052BB19AE60012B8EE /* TimeManager.xcdatamodel */;
			name = TimeManager.xcdatamodeld;
			path = ../../TimeManager.xcdatamodeld;
			sourceTree = "<group>";
			versionGroupType = wrapper.xcdatamodel;
		};
/* End XCVersionGroup section */
	};
	rootObject = 0127D3A72BB192F1004C5233 /* Project object */;
}
